Microsoft Visual Studio Solution File, Format Version 12.00
# Visual Studio 2012
Project("{FAE04EC0-301F-11D3-BF4B-00C04F79EFBC}") = "Cuppa", "Cuppa.csproj", "{BC05FDB9-670A-49F1-817F-9901B356315C}"
EndProject
Global
	GlobalSection(SolutionConfigurationPlatforms) = preSolution
	Debug|Any CPU = Debug|Any CPU
	ExportDebug|Any CPU = ExportDebug|Any CPU
	ExportRelease|Any CPU = ExportRelease|Any CPU
	EndGlobalSection
	GlobalSection(ProjectConfigurationPlatforms) = postSolution
		{BC05FDB9-670A-49F1-817F-9901B356315C}.Debug|Any CPU.ActiveCfg = Debug|Any CPU
		{BC05FDB9-670A-49F1-817F-9901B356315C}.Debug|Any CPU.Build.0 = Debug|Any CPU
		{BC05FDB9-670A-49F1-817F-9901B356315C}.ExportDebug|Any CPU.ActiveCfg = ExportDebug|Any CPU
		{BC05FDB9-670A-49F1-817F-9901B356315C}.ExportDebug|Any CPU.Build.0 = ExportDebug|Any CPU
		{BC05FDB9-670A-49F1-817F-9901B356315C}.ExportRelease|Any CPU.ActiveCfg = ExportRelease|Any CPU
		{BC05FDB9-670A-49F1-817F-9901B356315C}.ExportRelease|Any CPU.Build.0 = ExportRelease|Any CPU
	EndGlobalSection
EndGlobal
